// !$*UTF8*$!
{
	archiveVersion = 1;
	classes = {
	};
	objectVersion = 51;
	objects = {

/* Begin PBXBuildFile section */
		7AC5FBA17EF740E784209780 /* Pods_GMusic_GMusicUITests.framework in Frameworks */ = {isa = PBXBuildFile; fileRef = 5F3F76EDAC240556090A99AD /* Pods_GMusic_GMusicUITests.framework */; };
		A7A65E3D43AE23594D1AC3ED /* Pods_GMusicTests.framework in Frameworks */ = {isa = PBXBuildFile; fileRef = 693A9932CAB1AF35C13F1790 /* Pods_GMusicTests.framework */; };
		BE0B99F6BA511B0BE3A32DC9 /* Pods_GMusic.framework in Frameworks */ = {isa = PBXBuildFile; fileRef = 9AB29A11D9231EC936330B5F /* Pods_GMusic.framework */; };
		EA076E1326507CC800FFE94B /* PlayerViewController.swift in Sources */ = {isa = PBXBuildFile; fileRef = EA076E1226507CC800FFE94B /* PlayerViewController.swift */; };
		EA0BEA4E26374596009EDE74 /* AppDelegate.swift in Sources */ = {isa = PBXBuildFile; fileRef = EA0BEA4D26374596009EDE74 /* AppDelegate.swift */; };
		EA0BEA5026374596009EDE74 /* SceneDelegate.swift in Sources */ = {isa = PBXBuildFile; fileRef = EA0BEA4F26374596009EDE74 /* SceneDelegate.swift */; };
		EA0BEA5226374596009EDE74 /* ViewController.swift in Sources */ = {isa = PBXBuildFile; fileRef = EA0BEA5126374596009EDE74 /* ViewController.swift */; };
		EA0BEA5526374596009EDE74 /* Main.storyboard in Resources */ = {isa = PBXBuildFile; fileRef = EA0BEA5326374596009EDE74 /* Main.storyboard */; };
		EA0BEA5726374597009EDE74 /* Assets.xcassets in Resources */ = {isa = PBXBuildFile; fileRef = EA0BEA5626374597009EDE74 /* Assets.xcassets */; };
		EA0BEA5A26374597009EDE74 /* LaunchScreen.storyboard in Resources */ = {isa = PBXBuildFile; fileRef = EA0BEA5826374597009EDE74 /* LaunchScreen.storyboard */; };
		EA0BEA6526374598009EDE74 /* GMusicTests.swift in Sources */ = {isa = PBXBuildFile; fileRef = EA0BEA6426374598009EDE74 /* GMusicTests.swift */; };
		EA0BEA7026374598009EDE74 /* GMusicUITests.swift in Sources */ = {isa = PBXBuildFile; fileRef = EA0BEA6F26374598009EDE74 /* GMusicUITests.swift */; };
		EA296FDB265EC882002C0FD6 /* LibraryViewController.swift in Sources */ = {isa = PBXBuildFile; fileRef = EA296FDA265EC882002C0FD6 /* LibraryViewController.swift */; };
		EA296FDD265ED23E002C0FD6 /* GoogleService-Info.plist in Resources */ = {isa = PBXBuildFile; fileRef = EA296FDC265ED23E002C0FD6 /* GoogleService-Info.plist */; };
		EA296FDF265EF112002C0FD6 /* CreatePlaylistViewController.swift in Sources */ = {isa = PBXBuildFile; fileRef = EA296FDE265EF112002C0FD6 /* CreatePlaylistViewController.swift */; };
		EA296FE1265F0B84002C0FD6 /* SelectPlaylistTableViewController.swift in Sources */ = {isa = PBXBuildFile; fileRef = EA296FE0265F0B84002C0FD6 /* SelectPlaylistTableViewController.swift */; };
		EA296FE4265F0FFE002C0FD6 /* GMusicModel.xcdatamodeld in Sources */ = {isa = PBXBuildFile; fileRef = EA296FE2265F0FFE002C0FD6 /* GMusicModel.xcdatamodeld */; };
		EA296FEF265F4663002C0FD6 /* Track+CoreDataClass.swift in Sources */ = {isa = PBXBuildFile; fileRef = EA296FED265F4663002C0FD6 /* Track+CoreDataClass.swift */; };
		EA296FF0265F4663002C0FD6 /* Track+CoreDataProperties.swift in Sources */ = {isa = PBXBuildFile; fileRef = EA296FEE265F4663002C0FD6 /* Track+CoreDataProperties.swift */; };
		EA296FF2265FECEC002C0FD6 /* OfflineLibraryViewController.swift in Sources */ = {isa = PBXBuildFile; fileRef = EA296FF1265FECEC002C0FD6 /* OfflineLibraryViewController.swift */; };
		EA296FF42664E348002C0FD6 /* ProfileTableViewCell.swift in Sources */ = {isa = PBXBuildFile; fileRef = EA296FF32664E348002C0FD6 /* ProfileTableViewCell.swift */; };
		EA296FF626650129002C0FD6 /* ProfileViewController.swift in Sources */ = {isa = PBXBuildFile; fileRef = EA296FF526650129002C0FD6 /* ProfileViewController.swift */; };
		EA4C707E265E8252004B29AF /* MusicTrack.swift in Sources */ = {isa = PBXBuildFile; fileRef = EA4C707D265E8252004B29AF /* MusicTrack.swift */; };
		EA4C7080265E8270004B29AF /* MusicPlaylist.swift in Sources */ = {isa = PBXBuildFile; fileRef = EA4C707F265E8270004B29AF /* MusicPlaylist.swift */; };
		EA862988265D2C4800CA153A /* PlaylistViewController.swift in Sources */ = {isa = PBXBuildFile; fileRef = EA862987265D2C4800CA153A /* PlaylistViewController.swift */; };
		EAA0C4712639C2A10028EC2B /* RegisterViewController.swift in Sources */ = {isa = PBXBuildFile; fileRef = EAA0C4702639C2A10028EC2B /* RegisterViewController.swift */; };
		EAA0C475263C54760028EC2B /* SongSearchViewController.swift in Sources */ = {isa = PBXBuildFile; fileRef = EAA0C474263C54760028EC2B /* SongSearchViewController.swift */; };
		EAA0C477263C768D0028EC2B /* MusicTableViewCell.swift in Sources */ = {isa = PBXBuildFile; fileRef = EAA0C476263C768D0028EC2B /* MusicTableViewCell.swift */; };
		EAA0C479263C93420028EC2B /* SpotifyiOS.framework in Frameworks */ = {isa = PBXBuildFile; fileRef = EAA0C478263C93420028EC2B /* SpotifyiOS.framework */; };
/* End PBXBuildFile section */

/* Begin PBXContainerItemProxy section */
		EA0BEA6126374598009EDE74 /* PBXContainerItemProxy */ = {
			isa = PBXContainerItemProxy;
			containerPortal = EA0BEA4226374596009EDE74 /* Project object */;
			proxyType = 1;
			remoteGlobalIDString = EA0BEA4926374596009EDE74;
			remoteInfo = GMusic;
		};
		EA0BEA6C26374598009EDE74 /* PBXContainerItemProxy */ = {
			isa = PBXContainerItemProxy;
			containerPortal = EA0BEA4226374596009EDE74 /* Project object */;
			proxyType = 1;
			remoteGlobalIDString = EA0BEA4926374596009EDE74;
			remoteInfo = GMusic;
		};
/* End PBXContainerItemProxy section */

/* Begin PBXFileReference section */
		1923008D34DEF05793749B11 /* Pods-GMusicTests.release.xcconfig */ = {isa = PBXFileReference; includeInIndex = 1; lastKnownFileType = text.xcconfig; name = "Pods-GMusicTests.release.xcconfig"; path = "Target Support Files/Pods-GMusicTests/Pods-GMusicTests.release.xcconfig"; sourceTree = "<group>"; };
		2F94ABD11DF138593509ECD1 /* Pods-GMusic-GMusicUITests.release.xcconfig */ = {isa = PBXFileReference; includeInIndex = 1; lastKnownFileType = text.xcconfig; name = "Pods-GMusic-GMusicUITests.release.xcconfig"; path = "Target Support Files/Pods-GMusic-GMusicUITests/Pods-GMusic-GMusicUITests.release.xcconfig"; sourceTree = "<group>"; };
		551870E2E7271DE4D9A3F7AD /* Pods-GMusicTests.debug.xcconfig */ = {isa = PBXFileReference; includeInIndex = 1; lastKnownFileType = text.xcconfig; name = "Pods-GMusicTests.debug.xcconfig"; path = "Target Support Files/Pods-GMusicTests/Pods-GMusicTests.debug.xcconfig"; sourceTree = "<group>"; };
		5E1AFE5DA129D139944A05A1 /* Pods-GMusic-GMusicUITests.debug.xcconfig */ = {isa = PBXFileReference; includeInIndex = 1; lastKnownFileType = text.xcconfig; name = "Pods-GMusic-GMusicUITests.debug.xcconfig"; path = "Target Support Files/Pods-GMusic-GMusicUITests/Pods-GMusic-GMusicUITests.debug.xcconfig"; sourceTree = "<group>"; };
		5F3F76EDAC240556090A99AD /* Pods_GMusic_GMusicUITests.framework */ = {isa = PBXFileReference; explicitFileType = wrapper.framework; includeInIndex = 0; path = Pods_GMusic_GMusicUITests.framework; sourceTree = BUILT_PRODUCTS_DIR; };
		693A9932CAB1AF35C13F1790 /* Pods_GMusicTests.framework */ = {isa = PBXFileReference; explicitFileType = wrapper.framework; includeInIndex = 0; path = Pods_GMusicTests.framework; sourceTree = BUILT_PRODUCTS_DIR; };
		7AEE5F4979FA41A2665D1DDA /* Pods-GMusic.release.xcconfig */ = {isa = PBXFileReference; includeInIndex = 1; lastKnownFileType = text.xcconfig; name = "Pods-GMusic.release.xcconfig"; path = "Target Support Files/Pods-GMusic/Pods-GMusic.release.xcconfig"; sourceTree = "<group>"; };
		98BD14B3772466597504000A /* Pods-GMusic.debug.xcconfig */ = {isa = PBXFileReference; includeInIndex = 1; lastKnownFileType = text.xcconfig; name = "Pods-GMusic.debug.xcconfig"; path = "Target Support Files/Pods-GMusic/Pods-GMusic.debug.xcconfig"; sourceTree = "<group>"; };
		9AB29A11D9231EC936330B5F /* Pods_GMusic.framework */ = {isa = PBXFileReference; explicitFileType = wrapper.framework; includeInIndex = 0; path = Pods_GMusic.framework; sourceTree = BUILT_PRODUCTS_DIR; };
		EA076E1226507CC800FFE94B /* PlayerViewController.swift */ = {isa = PBXFileReference; lastKnownFileType = sourcecode.swift; path = PlayerViewController.swift; sourceTree = "<group>"; };
		EA0BEA4A26374596009EDE74 /* GMusic.app */ = {isa = PBXFileReference; explicitFileType = wrapper.application; includeInIndex = 0; path = GMusic.app; sourceTree = BUILT_PRODUCTS_DIR; };
		EA0BEA4D26374596009EDE74 /* AppDelegate.swift */ = {isa = PBXFileReference; lastKnownFileType = sourcecode.swift; path = AppDelegate.swift; sourceTree = "<group>"; };
		EA0BEA4F26374596009EDE74 /* SceneDelegate.swift */ = {isa = PBXFileReference; lastKnownFileType = sourcecode.swift; path = SceneDelegate.swift; sourceTree = "<group>"; };
		EA0BEA5126374596009EDE74 /* ViewController.swift */ = {isa = PBXFileReference; lastKnownFileType = sourcecode.swift; path = ViewController.swift; sourceTree = "<group>"; };
		EA0BEA5426374596009EDE74 /* Base */ = {isa = PBXFileReference; lastKnownFileType = file.storyboard; name = Base; path = Base.lproj/Main.storyboard; sourceTree = "<group>"; };
		EA0BEA5626374597009EDE74 /* Assets.xcassets */ = {isa = PBXFileReference; lastKnownFileType = folder.assetcatalog; path = Assets.xcassets; sourceTree = "<group>"; };
		EA0BEA5926374597009EDE74 /* Base */ = {isa = PBXFileReference; lastKnownFileType = file.storyboard; name = Base; path = Base.lproj/LaunchScreen.storyboard; sourceTree = "<group>"; };
		EA0BEA5B26374597009EDE74 /* Info.plist */ = {isa = PBXFileReference; lastKnownFileType = text.plist.xml; path = Info.plist; sourceTree = "<group>"; };
		EA0BEA6026374598009EDE74 /* GMusicTests.xctest */ = {isa = PBXFileReference; explicitFileType = wrapper.cfbundle; includeInIndex = 0; path = GMusicTests.xctest; sourceTree = BUILT_PRODUCTS_DIR; };
		EA0BEA6426374598009EDE74 /* GMusicTests.swift */ = {isa = PBXFileReference; lastKnownFileType = sourcecode.swift; path = GMusicTests.swift; sourceTree = "<group>"; };
		EA0BEA6626374598009EDE74 /* Info.plist */ = {isa = PBXFileReference; lastKnownFileType = text.plist.xml; path = Info.plist; sourceTree = "<group>"; };
		EA0BEA6B26374598009EDE74 /* GMusicUITests.xctest */ = {isa = PBXFileReference; explicitFileType = wrapper.cfbundle; includeInIndex = 0; path = GMusicUITests.xctest; sourceTree = BUILT_PRODUCTS_DIR; };
		EA0BEA6F26374598009EDE74 /* GMusicUITests.swift */ = {isa = PBXFileReference; lastKnownFileType = sourcecode.swift; path = GMusicUITests.swift; sourceTree = "<group>"; };
		EA0BEA7126374598009EDE74 /* Info.plist */ = {isa = PBXFileReference; lastKnownFileType = text.plist.xml; path = Info.plist; sourceTree = "<group>"; };
		EA296FDA265EC882002C0FD6 /* LibraryViewController.swift */ = {isa = PBXFileReference; lastKnownFileType = sourcecode.swift; path = LibraryViewController.swift; sourceTree = "<group>"; };
		EA296FDC265ED23E002C0FD6 /* GoogleService-Info.plist */ = {isa = PBXFileReference; fileEncoding = 4; lastKnownFileType = text.plist.xml; path = "GoogleService-Info.plist"; sourceTree = "<group>"; };
		EA296FDE265EF112002C0FD6 /* CreatePlaylistViewController.swift */ = {isa = PBXFileReference; lastKnownFileType = sourcecode.swift; path = CreatePlaylistViewController.swift; sourceTree = "<group>"; };
		EA296FE0265F0B84002C0FD6 /* SelectPlaylistTableViewController.swift */ = {isa = PBXFileReference; lastKnownFileType = sourcecode.swift; path = SelectPlaylistTableViewController.swift; sourceTree = "<group>"; };
		EA296FE3265F0FFE002C0FD6 /* GMusicModel.xcdatamodel */ = {isa = PBXFileReference; lastKnownFileType = wrapper.xcdatamodel; path = GMusicModel.xcdatamodel; sourceTree = "<group>"; };
		EA296FED265F4663002C0FD6 /* Track+CoreDataClass.swift */ = {isa = PBXFileReference; lastKnownFileType = sourcecode.swift; path = "Track+CoreDataClass.swift"; sourceTree = SOURCE_ROOT; };
		EA296FEE265F4663002C0FD6 /* Track+CoreDataProperties.swift */ = {isa = PBXFileReference; lastKnownFileType = sourcecode.swift; path = "Track+CoreDataProperties.swift"; sourceTree = SOURCE_ROOT; };
		EA296FF1265FECEC002C0FD6 /* OfflineLibraryViewController.swift */ = {isa = PBXFileReference; lastKnownFileType = sourcecode.swift; path = OfflineLibraryViewController.swift; sourceTree = "<group>"; };
		EA296FF32664E348002C0FD6 /* ProfileTableViewCell.swift */ = {isa = PBXFileReference; lastKnownFileType = sourcecode.swift; path = ProfileTableViewCell.swift; sourceTree = "<group>"; };
		EA296FF526650129002C0FD6 /* ProfileViewController.swift */ = {isa = PBXFileReference; lastKnownFileType = sourcecode.swift; path = ProfileViewController.swift; sourceTree = "<group>"; };
		EA4C707D265E8252004B29AF /* MusicTrack.swift */ = {isa = PBXFileReference; lastKnownFileType = sourcecode.swift; path = MusicTrack.swift; sourceTree = "<group>"; };
		EA4C707F265E8270004B29AF /* MusicPlaylist.swift */ = {isa = PBXFileReference; lastKnownFileType = sourcecode.swift; path = MusicPlaylist.swift; sourceTree = "<group>"; };
		EA862987265D2C4800CA153A /* PlaylistViewController.swift */ = {isa = PBXFileReference; lastKnownFileType = sourcecode.swift; path = PlaylistViewController.swift; sourceTree = "<group>"; };
		EAA0C4702639C2A10028EC2B /* RegisterViewController.swift */ = {isa = PBXFileReference; lastKnownFileType = sourcecode.swift; path = RegisterViewController.swift; sourceTree = "<group>"; };
		EAA0C474263C54760028EC2B /* SongSearchViewController.swift */ = {isa = PBXFileReference; lastKnownFileType = sourcecode.swift; path = SongSearchViewController.swift; sourceTree = "<group>"; };
		EAA0C476263C768D0028EC2B /* MusicTableViewCell.swift */ = {isa = PBXFileReference; lastKnownFileType = sourcecode.swift; path = MusicTableViewCell.swift; sourceTree = "<group>"; };
		EAA0C478263C93420028EC2B /* SpotifyiOS.framework */ = {isa = PBXFileReference; lastKnownFileType = wrapper.framework; path = SpotifyiOS.framework; sourceTree = "<group>"; };
		EAA0C47A263C94EF0028EC2B /* GMusic-Bridging-Header.h */ = {isa = PBXFileReference; lastKnownFileType = sourcecode.c.h; path = "GMusic-Bridging-Header.h"; sourceTree = "<group>"; };
/* End PBXFileReference section */

/* Begin PBXFrameworksBuildPhase section */
		EA0BEA4726374596009EDE74 /* Frameworks */ = {
			isa = PBXFrameworksBuildPhase;
			buildActionMask = 2147483647;
			files = (
				BE0B99F6BA511B0BE3A32DC9 /* Pods_GMusic.framework in Frameworks */,
				EAA0C479263C93420028EC2B /* SpotifyiOS.framework in Frameworks */,
			);
			runOnlyForDeploymentPostprocessing = 0;
		};
		EA0BEA5D26374598009EDE74 /* Frameworks */ = {
			isa = PBXFrameworksBuildPhase;
			buildActionMask = 2147483647;
			files = (
				A7A65E3D43AE23594D1AC3ED /* Pods_GMusicTests.framework in Frameworks */,
			);
			runOnlyForDeploymentPostprocessing = 0;
		};
		EA0BEA6826374598009EDE74 /* Frameworks */ = {
			isa = PBXFrameworksBuildPhase;
			buildActionMask = 2147483647;
			files = (
				7AC5FBA17EF740E784209780 /* Pods_GMusic_GMusicUITests.framework in Frameworks */,
			);
			runOnlyForDeploymentPostprocessing = 0;
		};
/* End PBXFrameworksBuildPhase section */

/* Begin PBXGroup section */
		91D0BEC5BBC6102E8B0E6A29 /* Frameworks */ = {
			isa = PBXGroup;
			children = (
				EAA0C478263C93420028EC2B /* SpotifyiOS.framework */,
				9AB29A11D9231EC936330B5F /* Pods_GMusic.framework */,
				5F3F76EDAC240556090A99AD /* Pods_GMusic_GMusicUITests.framework */,
				693A9932CAB1AF35C13F1790 /* Pods_GMusicTests.framework */,
			);
			name = Frameworks;
			sourceTree = "<group>";
		};
		C1B36AA5313712A4DA75875F /* Pods */ = {
			isa = PBXGroup;
			children = (
				98BD14B3772466597504000A /* Pods-GMusic.debug.xcconfig */,
				7AEE5F4979FA41A2665D1DDA /* Pods-GMusic.release.xcconfig */,
				5E1AFE5DA129D139944A05A1 /* Pods-GMusic-GMusicUITests.debug.xcconfig */,
				2F94ABD11DF138593509ECD1 /* Pods-GMusic-GMusicUITests.release.xcconfig */,
				551870E2E7271DE4D9A3F7AD /* Pods-GMusicTests.debug.xcconfig */,
				1923008D34DEF05793749B11 /* Pods-GMusicTests.release.xcconfig */,
			);
			path = Pods;
			sourceTree = "<group>";
		};
		EA0BEA4126374596009EDE74 = {
			isa = PBXGroup;
			children = (
				EA0BEA4C26374596009EDE74 /* GMusic */,
				EA0BEA6326374598009EDE74 /* GMusicTests */,
				EA0BEA6E26374598009EDE74 /* GMusicUITests */,
				EA0BEA4B26374596009EDE74 /* Products */,
				C1B36AA5313712A4DA75875F /* Pods */,
				91D0BEC5BBC6102E8B0E6A29 /* Frameworks */,
			);
			sourceTree = "<group>";
		};
		EA0BEA4B26374596009EDE74 /* Products */ = {
			isa = PBXGroup;
			children = (
				EA0BEA4A26374596009EDE74 /* GMusic.app */,
				EA0BEA6026374598009EDE74 /* GMusicTests.xctest */,
				EA0BEA6B26374598009EDE74 /* GMusicUITests.xctest */,
			);
			name = Products;
			sourceTree = "<group>";
		};
		EA0BEA4C26374596009EDE74 /* GMusic */ = {
			isa = PBXGroup;
			children = (
				EA296FED265F4663002C0FD6 /* Track+CoreDataClass.swift */,
				EA296FEE265F4663002C0FD6 /* Track+CoreDataProperties.swift */,
				EA0BEA4D26374596009EDE74 /* AppDelegate.swift */,
				EA0BEA4F26374596009EDE74 /* SceneDelegate.swift */,
				EA0BEA5126374596009EDE74 /* ViewController.swift */,
				EA296FDC265ED23E002C0FD6 /* GoogleService-Info.plist */,
				EA0BEA5326374596009EDE74 /* Main.storyboard */,
				EA0BEA5626374597009EDE74 /* Assets.xcassets */,
				EA0BEA5826374597009EDE74 /* LaunchScreen.storyboard */,
				EA0BEA5B26374597009EDE74 /* Info.plist */,
				EAA0C4702639C2A10028EC2B /* RegisterViewController.swift */,
				EAA0C474263C54760028EC2B /* SongSearchViewController.swift */,
				EA076E1226507CC800FFE94B /* PlayerViewController.swift */,
				EAA0C476263C768D0028EC2B /* MusicTableViewCell.swift */,
				EAA0C47A263C94EF0028EC2B /* GMusic-Bridging-Header.h */,
				EA862987265D2C4800CA153A /* PlaylistViewController.swift */,
				EA4C707D265E8252004B29AF /* MusicTrack.swift */,
				EA4C707F265E8270004B29AF /* MusicPlaylist.swift */,
				EA296FDA265EC882002C0FD6 /* LibraryViewController.swift */,
				EA296FDE265EF112002C0FD6 /* CreatePlaylistViewController.swift */,
				EA296FE0265F0B84002C0FD6 /* SelectPlaylistTableViewController.swift */,
				EA296FE2265F0FFE002C0FD6 /* GMusicModel.xcdatamodeld */,
				EA296FF1265FECEC002C0FD6 /* OfflineLibraryViewController.swift */,
				EA296FF32664E348002C0FD6 /* ProfileTableViewCell.swift */,
				EA296FF526650129002C0FD6 /* ProfileViewController.swift */,
			);
			path = GMusic;
			sourceTree = "<group>";
		};
		EA0BEA6326374598009EDE74 /* GMusicTests */ = {
			isa = PBXGroup;
			children = (
				EA0BEA6426374598009EDE74 /* GMusicTests.swift */,
				EA0BEA6626374598009EDE74 /* Info.plist */,
			);
			path = GMusicTests;
			sourceTree = "<group>";
		};
		EA0BEA6E26374598009EDE74 /* GMusicUITests */ = {
			isa = PBXGroup;
			children = (
				EA0BEA6F26374598009EDE74 /* GMusicUITests.swift */,
				EA0BEA7126374598009EDE74 /* Info.plist */,
			);
			path = GMusicUITests;
			sourceTree = "<group>";
		};
/* End PBXGroup section */

/* Begin PBXNativeTarget section */
		EA0BEA4926374596009EDE74 /* GMusic */ = {
			isa = PBXNativeTarget;
			buildConfigurationList = EA0BEA7426374598009EDE74 /* Build configuration list for PBXNativeTarget "GMusic" */;
			buildPhases = (
				B12FECA7F3387D77F4629BA5 /* [CP] Check Pods Manifest.lock */,
				EA0BEA4626374596009EDE74 /* Sources */,
				EA0BEA4726374596009EDE74 /* Frameworks */,
				EA0BEA4826374596009EDE74 /* Resources */,
				13B9201F84ECAE94D6F3D4E0 /* [CP] Embed Pods Frameworks */,
				9FE96743832A76AE222A1148 /* [CP] Copy Pods Resources */,
			);
			buildRules = (
			);
			dependencies = (
			);
			name = GMusic;
			productName = GMusic;
			productReference = EA0BEA4A26374596009EDE74 /* GMusic.app */;
			productType = "com.apple.product-type.application";
		};
		EA0BEA5F26374598009EDE74 /* GMusicTests */ = {
			isa = PBXNativeTarget;
			buildConfigurationList = EA0BEA7726374598009EDE74 /* Build configuration list for PBXNativeTarget "GMusicTests" */;
			buildPhases = (
				5BB200E2371AFE001DAD2B04 /* [CP] Check Pods Manifest.lock */,
				EA0BEA5C26374598009EDE74 /* Sources */,
				EA0BEA5D26374598009EDE74 /* Frameworks */,
				EA0BEA5E26374598009EDE74 /* Resources */,
			);
			buildRules = (
			);
			dependencies = (
				EA0BEA6226374598009EDE74 /* PBXTargetDependency */,
			);
			name = GMusicTests;
			productName = GMusicTests;
			productReference = EA0BEA6026374598009EDE74 /* GMusicTests.xctest */;
			productType = "com.apple.product-type.bundle.unit-test";
		};
		EA0BEA6A26374598009EDE74 /* GMusicUITests */ = {
			isa = PBXNativeTarget;
			buildConfigurationList = EA0BEA7A26374598009EDE74 /* Build configuration list for PBXNativeTarget "GMusicUITests" */;
			buildPhases = (
				B1D2E4DEBEF5409ECB288E89 /* [CP] Check Pods Manifest.lock */,
				EA0BEA6726374598009EDE74 /* Sources */,
				EA0BEA6826374598009EDE74 /* Frameworks */,
				EA0BEA6926374598009EDE74 /* Resources */,
				7AEE112BF738795DC0E257EC /* [CP] Embed Pods Frameworks */,
				1782F764762CC863D3909575 /* [CP] Copy Pods Resources */,
			);
			buildRules = (
			);
			dependencies = (
				EA0BEA6D26374598009EDE74 /* PBXTargetDependency */,
			);
			name = GMusicUITests;
			productName = GMusicUITests;
			productReference = EA0BEA6B26374598009EDE74 /* GMusicUITests.xctest */;
			productType = "com.apple.product-type.bundle.ui-testing";
		};
/* End PBXNativeTarget section */

/* Begin PBXProject section */
		EA0BEA4226374596009EDE74 /* Project object */ = {
			isa = PBXProject;
			attributes = {
				LastSwiftUpdateCheck = 1240;
				LastUpgradeCheck = 1240;
				TargetAttributes = {
					EA0BEA4926374596009EDE74 = {
						CreatedOnToolsVersion = 12.4;
					};
					EA0BEA5F26374598009EDE74 = {
						CreatedOnToolsVersion = 12.4;
						TestTargetID = EA0BEA4926374596009EDE74;
					};
					EA0BEA6A26374598009EDE74 = {
						CreatedOnToolsVersion = 12.4;
						TestTargetID = EA0BEA4926374596009EDE74;
					};
				};
			};
			buildConfigurationList = EA0BEA4526374596009EDE74 /* Build configuration list for PBXProject "GMusic" */;
			compatibilityVersion = "Xcode 9.3";
			developmentRegion = en;
			hasScannedForEncodings = 0;
			knownRegions = (
				en,
				Base,
			);
			mainGroup = EA0BEA4126374596009EDE74;
			productRefGroup = EA0BEA4B26374596009EDE74 /* Products */;
			projectDirPath = "";
			projectRoot = "";
			targets = (
				EA0BEA4926374596009EDE74 /* GMusic */,
				EA0BEA5F26374598009EDE74 /* GMusicTests */,
				EA0BEA6A26374598009EDE74 /* GMusicUITests */,
			);
		};
/* End PBXProject section */

/* Begin PBXResourcesBuildPhase section */
		EA0BEA4826374596009EDE74 /* Resources */ = {
			isa = PBXResourcesBuildPhase;
			buildActionMask = 2147483647;
			files = (
				EA0BEA5A26374597009EDE74 /* LaunchScreen.storyboard in Resources */,
				EA0BEA5726374597009EDE74 /* Assets.xcassets in Resources */,
				EA296FDD265ED23E002C0FD6 /* GoogleService-Info.plist in Resources */,
				EA0BEA5526374596009EDE74 /* Main.storyboard in Resources */,
			);
			runOnlyForDeploymentPostprocessing = 0;
		};
		EA0BEA5E26374598009EDE74 /* Resources */ = {
			isa = PBXResourcesBuildPhase;
			buildActionMask = 2147483647;
			files = (
			);
			runOnlyForDeploymentPostprocessing = 0;
		};
		EA0BEA6926374598009EDE74 /* Resources */ = {
			isa = PBXResourcesBuildPhase;
			buildActionMask = 2147483647;
			files = (
			);
			runOnlyForDeploymentPostprocessing = 0;
		};
/* End PBXResourcesBuildPhase section */

/* Begin PBXShellScriptBuildPhase section */
		13B9201F84ECAE94D6F3D4E0 /* [CP] Embed Pods Frameworks */ = {
			isa = PBXShellScriptBuildPhase;
			buildActionMask = 2147483647;
			files = (
			);
			inputFileListPaths = (
				"${PODS_ROOT}/Target Support Files/Pods-GMusic/Pods-GMusic-frameworks-${CONFIGURATION}-input-files.xcfilelist",
			);
			name = "[CP] Embed Pods Frameworks";
			outputFileListPaths = (
				"${PODS_ROOT}/Target Support Files/Pods-GMusic/Pods-GMusic-frameworks-${CONFIGURATION}-output-files.xcfilelist",
			);
			runOnlyForDeploymentPostprocessing = 0;
			shellPath = /bin/sh;
			shellScript = "\"${PODS_ROOT}/Target Support Files/Pods-GMusic/Pods-GMusic-frameworks.sh\"\n";
			showEnvVarsInLog = 0;
		};
		1782F764762CC863D3909575 /* [CP] Copy Pods Resources */ = {
			isa = PBXShellScriptBuildPhase;
			buildActionMask = 2147483647;
			files = (
			);
			inputFileListPaths = (
				"${PODS_ROOT}/Target Support Files/Pods-GMusic-GMusicUITests/Pods-GMusic-GMusicUITests-resources-${CONFIGURATION}-input-files.xcfilelist",
			);
			name = "[CP] Copy Pods Resources";
			outputFileListPaths = (
				"${PODS_ROOT}/Target Support Files/Pods-GMusic-GMusicUITests/Pods-GMusic-GMusicUITests-resources-${CONFIGURATION}-output-files.xcfilelist",
			);
			runOnlyForDeploymentPostprocessing = 0;
			shellPath = /bin/sh;
			shellScript = "\"${PODS_ROOT}/Target Support Files/Pods-GMusic-GMusicUITests/Pods-GMusic-GMusicUITests-resources.sh\"\n";
			showEnvVarsInLog = 0;
		};
		5BB200E2371AFE001DAD2B04 /* [CP] Check Pods Manifest.lock */ = {
			isa = PBXShellScriptBuildPhase;
			buildActionMask = 2147483647;
			files = (
			);
			inputFileListPaths = (
			);
			inputPaths = (
				"${PODS_PODFILE_DIR_PATH}/Podfile.lock",
				"${PODS_ROOT}/Manifest.lock",
			);
			name = "[CP] Check Pods Manifest.lock";
			outputFileListPaths = (
			);
			outputPaths = (
				"$(DERIVED_FILE_DIR)/Pods-GMusicTests-checkManifestLockResult.txt",
			);
			runOnlyForDeploymentPostprocessing = 0;
			shellPath = /bin/sh;
			shellScript = "diff \"${PODS_PODFILE_DIR_PATH}/Podfile.lock\" \"${PODS_ROOT}/Manifest.lock\" > /dev/null\nif [ $? != 0 ] ; then\n    # print error to STDERR\n    echo \"error: The sandbox is not in sync with the Podfile.lock. Run 'pod install' or update your CocoaPods installation.\" >&2\n    exit 1\nfi\n# This output is used by Xcode 'outputs' to avoid re-running this script phase.\necho \"SUCCESS\" > \"${SCRIPT_OUTPUT_FILE_0}\"\n";
			showEnvVarsInLog = 0;
		};
		7AEE112BF738795DC0E257EC /* [CP] Embed Pods Frameworks */ = {
			isa = PBXShellScriptBuildPhase;
			buildActionMask = 2147483647;
			files = (
			);
			inputFileListPaths = (
				"${PODS_ROOT}/Target Support Files/Pods-GMusic-GMusicUITests/Pods-GMusic-GMusicUITests-frameworks-${CONFIGURATION}-input-files.xcfilelist",
			);
			name = "[CP] Embed Pods Frameworks";
			outputFileListPaths = (
				"${PODS_ROOT}/Target Support Files/Pods-GMusic-GMusicUITests/Pods-GMusic-GMusicUITests-frameworks-${CONFIGURATION}-output-files.xcfilelist",
			);
			runOnlyForDeploymentPostprocessing = 0;
			shellPath = /bin/sh;
			shellScript = "\"${PODS_ROOT}/Target Support Files/Pods-GMusic-GMusicUITests/Pods-GMusic-GMusicUITests-frameworks.sh\"\n";
			showEnvVarsInLog = 0;
		};
		9FE96743832A76AE222A1148 /* [CP] Copy Pods Resources */ = {
			isa = PBXShellScriptBuildPhase;
			buildActionMask = 2147483647;
			files = (
			);
			inputFileListPaths = (
				"${PODS_ROOT}/Target Support Files/Pods-GMusic/Pods-GMusic-resources-${CONFIGURATION}-input-files.xcfilelist",
			);
			name = "[CP] Copy Pods Resources";
			outputFileListPaths = (
				"${PODS_ROOT}/Target Support Files/Pods-GMusic/Pods-GMusic-resources-${CONFIGURATION}-output-files.xcfilelist",
			);
			runOnlyForDeploymentPostprocessing = 0;
			shellPath = /bin/sh;
			shellScript = "\"${PODS_ROOT}/Target Support Files/Pods-GMusic/Pods-GMusic-resources.sh\"\n";
			showEnvVarsInLog = 0;
		};
		B12FECA7F3387D77F4629BA5 /* [CP] Check Pods Manifest.lock */ = {
			isa = PBXShellScriptBuildPhase;
			buildActionMask = 2147483647;
			files = (
			);
			inputFileListPaths = (
			);
			inputPaths = (
				"${PODS_PODFILE_DIR_PATH}/Podfile.lock",
				"${PODS_ROOT}/Manifest.lock",
			);
			name = "[CP] Check Pods Manifest.lock";
			outputFileListPaths = (
			);
			outputPaths = (
				"$(DERIVED_FILE_DIR)/Pods-GMusic-checkManifestLockResult.txt",
			);
			runOnlyForDeploymentPostprocessing = 0;
			shellPath = /bin/sh;
			shellScript = "diff \"${PODS_PODFILE_DIR_PATH}/Podfile.lock\" \"${PODS_ROOT}/Manifest.lock\" > /dev/null\nif [ $? != 0 ] ; then\n    # print error to STDERR\n    echo \"error: The sandbox is not in sync with the Podfile.lock. Run 'pod install' or update your CocoaPods installation.\" >&2\n    exit 1\nfi\n# This output is used by Xcode 'outputs' to avoid re-running this script phase.\necho \"SUCCESS\" > \"${SCRIPT_OUTPUT_FILE_0}\"\n";
			showEnvVarsInLog = 0;
		};
		B1D2E4DEBEF5409ECB288E89 /* [CP] Check Pods Manifest.lock */ = {
			isa = PBXShellScriptBuildPhase;
			buildActionMask = 2147483647;
			files = (
			);
			inputFileListPaths = (
			);
			inputPaths = (
				"${PODS_PODFILE_DIR_PATH}/Podfile.lock",
				"${PODS_ROOT}/Manifest.lock",
			);
			name = "[CP] Check Pods Manifest.lock";
			outputFileListPaths = (
			);
			outputPaths = (
				"$(DERIVED_FILE_DIR)/Pods-GMusic-GMusicUITests-checkManifestLockResult.txt",
			);
			runOnlyForDeploymentPostprocessing = 0;
			shellPath = /bin/sh;
			shellScript = "diff \"${PODS_PODFILE_DIR_PATH}/Podfile.lock\" \"${PODS_ROOT}/Manifest.lock\" > /dev/null\nif [ $? != 0 ] ; then\n    # print error to STDERR\n    echo \"error: The sandbox is not in sync with the Podfile.lock. Run 'pod install' or update your CocoaPods installation.\" >&2\n    exit 1\nfi\n# This output is used by Xcode 'outputs' to avoid re-running this script phase.\necho \"SUCCESS\" > \"${SCRIPT_OUTPUT_FILE_0}\"\n";
			showEnvVarsInLog = 0;
		};
/* End PBXShellScriptBuildPhase section */

/* Begin PBXSourcesBuildPhase section */
		EA0BEA4626374596009EDE74 /* Sources */ = {
			isa = PBXSourcesBuildPhase;
			buildActionMask = 2147483647;
			files = (
				EA296FF2265FECEC002C0FD6 /* OfflineLibraryViewController.swift in Sources */,
				EA862988265D2C4800CA153A /* PlaylistViewController.swift in Sources */,
				EA296FDB265EC882002C0FD6 /* LibraryViewController.swift in Sources */,
				EA296FF42664E348002C0FD6 /* ProfileTableViewCell.swift in Sources */,
				EA296FDF265EF112002C0FD6 /* CreatePlaylistViewController.swift in Sources */,
				EA4C7080265E8270004B29AF /* MusicPlaylist.swift in Sources */,
				EAA0C4712639C2A10028EC2B /* RegisterViewController.swift in Sources */,
				EA296FEF265F4663002C0FD6 /* Track+CoreDataClass.swift in Sources */,
				EA4C707E265E8252004B29AF /* MusicTrack.swift in Sources */,
				EA296FF626650129002C0FD6 /* ProfileViewController.swift in Sources */,
				EA0BEA5226374596009EDE74 /* ViewController.swift in Sources */,
				EA0BEA4E26374596009EDE74 /* AppDelegate.swift in Sources */,
				EA296FF0265F4663002C0FD6 /* Track+CoreDataProperties.swift in Sources */,
				EA296FE1265F0B84002C0FD6 /* SelectPlaylistTableViewController.swift in Sources */,
				EA296FE4265F0FFE002C0FD6 /* GMusicModel.xcdatamodeld in Sources */,
				EA076E1326507CC800FFE94B /* PlayerViewController.swift in Sources */,
				EA0BEA5026374596009EDE74 /* SceneDelegate.swift in Sources */,
				EAA0C475263C54760028EC2B /* SongSearchViewController.swift in Sources */,
				EAA0C477263C768D0028EC2B /* MusicTableViewCell.swift in Sources */,
			);
			runOnlyForDeploymentPostprocessing = 0;
		};
		EA0BEA5C26374598009EDE74 /* Sources */ = {
			isa = PBXSourcesBuildPhase;
			buildActionMask = 2147483647;
			files = (
				EA0BEA6526374598009EDE74 /* GMusicTests.swift in Sources */,
			);
			runOnlyForDeploymentPostprocessing = 0;
		};
		EA0BEA6726374598009EDE74 /* Sources */ = {
			isa = PBXSourcesBuildPhase;
			buildActionMask = 2147483647;
			files = (
				EA0BEA7026374598009EDE74 /* GMusicUITests.swift in Sources */,
			);
			runOnlyForDeploymentPostprocessing = 0;
		};
/* End PBXSourcesBuildPhase section */

/* Begin PBXTargetDependency section */
		EA0BEA6226374598009EDE74 /* PBXTargetDependency */ = {
			isa = PBXTargetDependency;
			target = EA0BEA4926374596009EDE74 /* GMusic */;
			targetProxy = EA0BEA6126374598009EDE74 /* PBXContainerItemProxy */;
		};
		EA0BEA6D26374598009EDE74 /* PBXTargetDependency */ = {
			isa = PBXTargetDependency;
			target = EA0BEA4926374596009EDE74 /* GMusic */;
			targetProxy = EA0BEA6C26374598009EDE74 /* PBXContainerItemProxy */;
		};
/* End PBXTargetDependency section */

/* Begin PBXVariantGroup section */
		EA0BEA5326374596009EDE74 /* Main.storyboard */ = {
			isa = PBXVariantGroup;
			children = (
				EA0BEA5426374596009EDE74 /* Base */,
			);
			name = Main.storyboard;
			sourceTree = "<group>";
		};
		EA0BEA5826374597009EDE74 /* LaunchScreen.storyboard */ = {
			isa = PBXVariantGroup;
			children = (
				EA0BEA5926374597009EDE74 /* Base */,
			);
			name = LaunchScreen.storyboard;
			sourceTree = "<group>";
		};
/* End PBXVariantGroup section */

/* Begin XCBuildConfiguration section */
		EA0BEA7226374598009EDE74 /* Debug */ = {
			isa = XCBuildConfiguration;
			buildSettings = {
				ALWAYS_SEARCH_USER_PATHS = NO;
				CLANG_ANALYZER_NONNULL = YES;
				CLANG_ANALYZER_NUMBER_OBJECT_CONVERSION = YES_AGGRESSIVE;
				CLANG_CXX_LANGUAGE_STANDARD = "gnu++14";
				CLANG_CXX_LIBRARY = "libc++";
				CLANG_ENABLE_MODULES = YES;
				CLANG_ENABLE_OBJC_ARC = YES;
				CLANG_ENABLE_OBJC_WEAK = YES;
				CLANG_WARN_BLOCK_CAPTURE_AUTORELEASING = YES;
				CLANG_WARN_BOOL_CONVERSION = YES;
				CLANG_WARN_COMMA = YES;
				CLANG_WARN_CONSTANT_CONVERSION = YES;
				CLANG_WARN_DEPRECATED_OBJC_IMPLEMENTATIONS = YES;
				CLANG_WARN_DIRECT_OBJC_ISA_USAGE = YES_ERROR;
				CLANG_WARN_DOCUMENTATION_COMMENTS = YES;
				CLANG_WARN_EMPTY_BODY = YES;
				CLANG_WARN_ENUM_CONVERSION = YES;
				CLANG_WARN_INFINITE_RECURSION = YES;
				CLANG_WARN_INT_CONVERSION = YES;
				CLANG_WARN_NON_LITERAL_NULL_CONVERSION = YES;
				CLANG_WARN_OBJC_IMPLICIT_RETAIN_SELF = YES;
				CLANG_WARN_OBJC_LITERAL_CONVERSION = YES;
				CLANG_WARN_OBJC_ROOT_CLASS = YES_ERROR;
				CLANG_WARN_QUOTED_INCLUDE_IN_FRAMEWORK_HEADER = YES;
				CLANG_WARN_RANGE_LOOP_ANALYSIS = YES;
				CLANG_WARN_STRICT_PROTOTYPES = YES;
				CLANG_WARN_SUSPICIOUS_MOVE = YES;
				CLANG_WARN_UNGUARDED_AVAILABILITY = YES_AGGRESSIVE;
				CLANG_WARN_UNREACHABLE_CODE = YES;
				CLANG_WARN__DUPLICATE_METHOD_MATCH = YES;
				COPY_PHASE_STRIP = NO;
				DEBUG_INFORMATION_FORMAT = dwarf;
				ENABLE_STRICT_OBJC_MSGSEND = YES;
				ENABLE_TESTABILITY = YES;
				GCC_C_LANGUAGE_STANDARD = gnu11;
				GCC_DYNAMIC_NO_PIC = NO;
				GCC_NO_COMMON_BLOCKS = YES;
				GCC_OPTIMIZATION_LEVEL = 0;
				GCC_PREPROCESSOR_DEFINITIONS = (
					"DEBUG=1",
					"$(inherited)",
				);
				GCC_WARN_64_TO_32_BIT_CONVERSION = YES;
				GCC_WARN_ABOUT_RETURN_TYPE = YES_ERROR;
				GCC_WARN_UNDECLARED_SELECTOR = YES;
				GCC_WARN_UNINITIALIZED_AUTOS = YES_AGGRESSIVE;
				GCC_WARN_UNUSED_FUNCTION = YES;
				GCC_WARN_UNUSED_VARIABLE = YES;
				IPHONEOS_DEPLOYMENT_TARGET = 14.4;
				MTL_ENABLE_DEBUG_INFO = INCLUDE_SOURCE;
				MTL_FAST_MATH = YES;
				ONLY_ACTIVE_ARCH = YES;
				SDKROOT = iphoneos;
				SWIFT_ACTIVE_COMPILATION_CONDITIONS = DEBUG;
				SWIFT_OPTIMIZATION_LEVEL = "-Onone";
			};
			name = Debug;
		};
		EA0BEA7326374598009EDE74 /* Release */ = {
			isa = XCBuildConfiguration;
			buildSettings = {
				ALWAYS_SEARCH_USER_PATHS = NO;
				CLANG_ANALYZER_NONNULL = YES;
				CLANG_ANALYZER_NUMBER_OBJECT_CONVERSION = YES_AGGRESSIVE;
				CLANG_CXX_LANGUAGE_STANDARD = "gnu++14";
				CLANG_CXX_LIBRARY = "libc++";
				CLANG_ENABLE_MODULES = YES;
				CLANG_ENABLE_OBJC_ARC = YES;
				CLANG_ENABLE_OBJC_WEAK = YES;
				CLANG_WARN_BLOCK_CAPTURE_AUTORELEASING = YES;
				CLANG_WARN_BOOL_CONVERSION = YES;
				CLANG_WARN_COMMA = YES;
				CLANG_WARN_CONSTANT_CONVERSION = YES;
				CLANG_WARN_DEPRECATED_OBJC_IMPLEMENTATIONS = YES;
				CLANG_WARN_DIRECT_OBJC_ISA_USAGE = YES_ERROR;
				CLANG_WARN_DOCUMENTATION_COMMENTS = YES;
				CLANG_WARN_EMPTY_BODY = YES;
				CLANG_WARN_ENUM_CONVERSION = YES;
				CLANG_WARN_INFINITE_RECURSION = YES;
				CLANG_WARN_INT_CONVERSION = YES;
				CLANG_WARN_NON_LITERAL_NULL_CONVERSION = YES;
				CLANG_WARN_OBJC_IMPLICIT_RETAIN_SELF = YES;
				CLANG_WARN_OBJC_LITERAL_CONVERSION = YES;
				CLANG_WARN_OBJC_ROOT_CLASS = YES_ERROR;
				CLANG_WARN_QUOTED_INCLUDE_IN_FRAMEWORK_HEADER = YES;
				CLANG_WARN_RANGE_LOOP_ANALYSIS = YES;
				CLANG_WARN_STRICT_PROTOTYPES = YES;
				CLANG_WARN_SUSPICIOUS_MOVE = YES;
				CLANG_WARN_UNGUARDED_AVAILABILITY = YES_AGGRESSIVE;
				CLANG_WARN_UNREACHABLE_CODE = YES;
				CLANG_WARN__DUPLICATE_METHOD_MATCH = YES;
				COPY_PHASE_STRIP = NO;
				DEBUG_INFORMATION_FORMAT = "dwarf-with-dsym";
				ENABLE_NS_ASSERTIONS = NO;
				ENABLE_STRICT_OBJC_MSGSEND = YES;
				GCC_C_LANGUAGE_STANDARD = gnu11;
				GCC_NO_COMMON_BLOCKS = YES;
				GCC_WARN_64_TO_32_BIT_CONVERSION = YES;
				GCC_WARN_ABOUT_RETURN_TYPE = YES_ERROR;
				GCC_WARN_UNDECLARED_SELECTOR = YES;
				GCC_WARN_UNINITIALIZED_AUTOS = YES_AGGRESSIVE;
				GCC_WARN_UNUSED_FUNCTION = YES;
				GCC_WARN_UNUSED_VARIABLE = YES;
				IPHONEOS_DEPLOYMENT_TARGET = 14.4;
				MTL_ENABLE_DEBUG_INFO = NO;
				MTL_FAST_MATH = YES;
				SDKROOT = iphoneos;
				SWIFT_COMPILATION_MODE = wholemodule;
				SWIFT_OPTIMIZATION_LEVEL = "-O";
				VALIDATE_PRODUCT = YES;
			};
			name = Release;
		};
		EA0BEA7526374598009EDE74 /* Debug */ = {
			isa = XCBuildConfiguration;
			baseConfigurationReference = 98BD14B3772466597504000A /* Pods-GMusic.debug.xcconfig */;
			buildSettings = {
				ASSETCATALOG_COMPILER_APPICON_NAME = AppIcon;
				ASSETCATALOG_COMPILER_GLOBAL_ACCENT_COLOR_NAME = AccentColor;
				CODE_SIGN_STYLE = Automatic;
				DEVELOPMENT_TEAM = BFU58S3ZWP;
				FRAMEWORK_SEARCH_PATHS = (
					"$(inherited)",
					"$(PROJECT_DIR)",
				);
				INFOPLIST_FILE = GMusic/Info.plist;
				IPHONEOS_DEPLOYMENT_TARGET = 13.0;
				LD_RUNPATH_SEARCH_PATHS = (
					"$(inherited)",
					"@executable_path/Frameworks",
				);
				PRODUCT_BUNDLE_IDENTIFIER = com.grigarazh.GMusic;
				PRODUCT_NAME = "$(TARGET_NAME)";
				SWIFT_OBJC_BRIDGING_HEADER = "GMusic/GMusic-Bridging-Header.h";
				SWIFT_VERSION = 5.0;
				TARGETED_DEVICE_FAMILY = "1,2";
			};
			name = Debug;
		};
		EA0BEA7626374598009EDE74 /* Release */ = {
			isa = XCBuildConfiguration;
			baseConfigurationReference = 7AEE5F4979FA41A2665D1DDA /* Pods-GMusic.release.xcconfig */;
			buildSettings = {
				ASSETCATALOG_COMPILER_APPICON_NAME = AppIcon;
				ASSETCATALOG_COMPILER_GLOBAL_ACCENT_COLOR_NAME = AccentColor;
				CODE_SIGN_STYLE = Automatic;
				DEVELOPMENT_TEAM = BFU58S3ZWP;
				FRAMEWORK_SEARCH_PATHS = (
					"$(inherited)",
					"$(PROJECT_DIR)",
				);
				INFOPLIST_FILE = GMusic/Info.plist;
				IPHONEOS_DEPLOYMENT_TARGET = 13.0;
				LD_RUNPATH_SEARCH_PATHS = (
					"$(inherited)",
					"@executable_path/Frameworks",
				);
				PRODUCT_BUNDLE_IDENTIFIER = com.grigarazh.GMusic;
				PRODUCT_NAME = "$(TARGET_NAME)";
				SWIFT_OBJC_BRIDGING_HEADER = "GMusic/GMusic-Bridging-Header.h";
				SWIFT_VERSION = 5.0;
				TARGETED_DEVICE_FAMILY = "1,2";
			};
			name = Release;
		};
		EA0BEA7826374598009EDE74 /* Debug */ = {
			isa = XCBuildConfiguration;
			baseConfigurationReference = 551870E2E7271DE4D9A3F7AD /* Pods-GMusicTests.debug.xcconfig */;
			buildSettings = {
				ALWAYS_EMBED_SWIFT_STANDARD_LIBRARIES = YES;
				BUNDLE_LOADER = "$(TEST_HOST)";
				CODE_SIGN_STYLE = Automatic;
				DEVELOPMENT_TEAM = BFU58S3ZWP;
				INFOPLIST_FILE = GMusicTests/Info.plist;
				IPHONEOS_DEPLOYMENT_TARGET = 14.4;
				LD_RUNPATH_SEARCH_PATHS = (
					"$(inherited)",
					"@executable_path/Frameworks",
					"@loader_path/Frameworks",
				);
				PRODUCT_BUNDLE_IDENTIFIER = com.grigarazh.GMusicTests;
				PRODUCT_NAME = "$(TARGET_NAME)";
				SWIFT_VERSION = 5.0;
				TARGETED_DEVICE_FAMILY = "1,2";
				TEST_HOST = "$(BUILT_PRODUCTS_DIR)/GMusic.app/GMusic";
			};
			name = Debug;
		};
		EA0BEA7926374598009EDE74 /* Release */ = {
			isa = XCBuildConfiguration;
			baseConfigurationReference = 1923008D34DEF05793749B11 /* Pods-GMusicTests.release.xcconfig */;
			buildSettings = {
				ALWAYS_EMBED_SWIFT_STANDARD_LIBRARIES = YES;
				BUNDLE_LOADER = "$(TEST_HOST)";
				CODE_SIGN_STYLE = Automatic;
				DEVELOPMENT_TEAM = BFU58S3ZWP;
				INFOPLIST_FILE = GMusicTests/Info.plist;
				IPHONEOS_DEPLOYMENT_TARGET = 14.4;
				LD_RUNPATH_SEARCH_PATHS = (
					"$(inherited)",
					"@executable_path/Frameworks",
					"@loader_path/Frameworks",
				);
				PRODUCT_BUNDLE_IDENTIFIER = com.grigarazh.GMusicTests;
				PRODUCT_NAME = "$(TARGET_NAME)";
				SWIFT_VERSION = 5.0;
				TARGETED_DEVICE_FAMILY = "1,2";
				TEST_HOST = "$(BUILT_PRODUCTS_DIR)/GMusic.app/GMusic";
			};
			name = Release;
		};
		EA0BEA7B26374598009EDE74 /* Debug */ = {
			isa = XCBuildConfiguration;
			baseConfigurationReference = 5E1AFE5DA129D139944A05A1 /* Pods-GMusic-GMusicUITests.debug.xcconfig */;
			buildSettings = {
				ALWAYS_EMBED_SWIFT_STANDARD_LIBRARIES = YES;
				CODE_SIGN_STYLE = Automatic;
				DEVELOPMENT_TEAM = BFU58S3ZWP;
				INFOPLIST_FILE = GMusicUITests/Info.plist;
				LD_RUNPATH_SEARCH_PATHS = (
					"$(inherited)",
					"@executable_path/Frameworks",
					"@loader_path/Frameworks",
				);
				PRODUCT_BUNDLE_IDENTIFIER = com.grigarazh.GMusicUITests;
				PRODUCT_NAME = "$(TARGET_NAME)";
				SWIFT_VERSION = 5.0;
				TARGETED_DEVICE_FAMILY = "1,2";
				TEST_TARGET_NAME = GMusic;
			};
			name = Debug;
		};
		EA0BEA7C26374598009EDE74 /* Release */ = {
			isa = XCBuildConfiguration;
			baseConfigurationReference = 2F94ABD11DF138593509ECD1 /* Pods-GMusic-GMusicUITests.release.xcconfig */;
			buildSettings = {
				ALWAYS_EMBED_SWIFT_STANDARD_LIBRARIES = YES;
				CODE_SIGN_STYLE = Automatic;
				DEVELOPMENT_TEAM = BFU58S3ZWP;
				INFOPLIST_FILE = GMusicUITests/Info.plist;
				LD_RUNPATH_SEARCH_PATHS = (
					"$(inherited)",
					"@executable_path/Frameworks",
					"@loader_path/Frameworks",
				);
				PRODUCT_BUNDLE_IDENTIFIER = com.grigarazh.GMusicUITests;
				PRODUCT_NAME = "$(TARGET_NAME)";
				SWIFT_VERSION = 5.0;
				TARGETED_DEVICE_FAMILY = "1,2";
				TEST_TARGET_NAME = GMusic;
			};
			name = Release;
		};
/* End XCBuildConfiguration section */

/* Begin XCConfigurationList section */
		EA0BEA4526374596009EDE74 /* Build configuration list for PBXProject "GMusic" */ = {
			isa = XCConfigurationList;
			buildConfigurations = (
				EA0BEA7226374598009EDE74 /* Debug */,
				EA0BEA7326374598009EDE74 /* Release */,
			);
			defaultConfigurationIsVisible = 0;
			defaultConfigurationName = Release;
		};
		EA0BEA7426374598009EDE74 /* Build configuration list for PBXNativeTarget "GMusic" */ = {
			isa = XCConfigurationList;
			buildConfigurations = (
				EA0BEA7526374598009EDE74 /* Debug */,
				EA0BEA7626374598009EDE74 /* Release */,
			);
			defaultConfigurationIsVisible = 0;
			defaultConfigurationName = Release;
		};
		EA0BEA7726374598009EDE74 /* Build configuration list for PBXNativeTarget "GMusicTests" */ = {
			isa = XCConfigurationList;
			buildConfigurations = (
				EA0BEA7826374598009EDE74 /* Debug */,
				EA0BEA7926374598009EDE74 /* Release */,
			);
			defaultConfigurationIsVisible = 0;
			defaultConfigurationName = Release;
		};
		EA0BEA7A26374598009EDE74 /* Build configuration list for PBXNativeTarget "GMusicUITests" */ = {
			isa = XCConfigurationList;
			buildConfigurations = (
				EA0BEA7B26374598009EDE74 /* Debug */,
				EA0BEA7C26374598009EDE74 /* Release */,
			);
			defaultConfigurationIsVisible = 0;
			defaultConfigurationName = Release;
		};
/* End XCConfigurationList section */

/* Begin XCVersionGroup section */
		EA296FE2265F0FFE002C0FD6 /* GMusicModel.xcdatamodeld */ = {
			isa = XCVersionGroup;
			children = (
				EA296FE3265F0FFE002C0FD6 /* GMusicModel.xcdatamodel */,
			);
			currentVersion = EA296FE3265F0FFE002C0FD6 /* GMusicModel.xcdatamodel */;
			path = GMusicModel.xcdatamodeld;
			sourceTree = "<group>";
			versionGroupType = wrapper.xcdatamodel;
		};
/* End XCVersionGroup section */
	};
	rootObject = EA0BEA4226374596009EDE74 /* Project object */;
}
